{
    "default": {
        "pycparser": {
            "version": "==2.17",
            "hash": "sha256:0aac31e917c24cb3357f5a4d5566f2cc91a19ca41862f6c3c22dc60a629673b6"
        },
        "olefile": {
            "version": "==0.44",
            "hash": "sha256:61f2ca0cd0aa77279eb943c07f607438edf374096b66332fae1ee64a6f0f73ad"
        },
        "cffi": {
            "version": "==1.9.1",
            "hash": "sha256:9163f7743cf9991edaddf9cf886708e288fab38e1b9fec9c41c15c85c8f7f147"
        },
        "Pillow": {
            "version": "==4.0.0",
            "hash": "sha256:a57f32a2f09ed61800e687aec0b2eebb095499116f50eff99e27e03ed9a8d776"
        },
        "cairocffi": {
            "version": "==0.8.0",
            "hash": "sha256:65f21e6786e2b255ab1d3fda53a365a3565bb1808cabbbe59d99a797c61d3545"
        }
    },
    "develop": {},
    "_meta": {
        "sources": [
            {
                "url": "https://pypi.python.org/simple",
                "verify_ssl": true
            }
        ],
        "requires": {},
        "hash": {
            "sha256": "e302158808f879e230ec240310ff9692e1a837bff5f1828be669295ec9d5f678"
        }
    }
}